{
  "name": "bob",
  "version": "0.1.0",
  "lockfileVersion": 1,
  "requires": true,
  "dependencies": {
    "bob-status": {
      "version": "0.0.1",
      "resolved": "https://registry.npmjs.org/bob-status/-/bob-status-0.0.1.tgz",
      "integrity": "sha512-t7Z5FEU7W2rV/FWlfdsZX7ud6em+bkQyqSvfl+LcKefvYLSh97PCyG285St7qxk2RpmFgJ//97YqmES5d3qpRA=="
    },
    "fs-sink": {
      "version": "0.1.1",
      "resolved": "https://registry.npmjs.org/fs-sink/-/fs-sink-0.1.1.tgz",
      "integrity": "sha512-s85gVtUYIHh8iREzw3ty+qQIpODzd9mrqllKsPpAtrzazCxqQBOlUX9yIfbfIsdAUD5BTzPmFaifHEIjgWOxBA==",
      "requires": {
        "bob-status": "0.0.0"
      },
      "dependencies": {
        "bob-status": {
          "version": "0.0.0",
          "resolved": "https://registry.npmjs.org/bob-status/-/bob-status-0.0.0.tgz",
          "integrity": "sha512-cEdgHNUMf/jjJtbXPAvDirtBKjdZWalb+5IC4DkuyiVMoBaNT5Is/Sl2nnW5VXIo0Zq7PKz1JZhEVw744Q6viQ=="
        }
      }
    },
    "fs-source": {
      "version": "0.0.3",
      "resolved": "https://registry.npmjs.org/fs-source/-/fs-source-0.0.3.tgz",
      "integrity": "sha512-XRRjkPBmNdMaQUAoamq7v1uVbrY043/nPWY/7EjVdSQkef/Zo2ayFd5DG76TKucZfQaiLzTOrr9bddlgAiecGw==",
      "requires": {
        "bob-status": "0.0.0"
      },
      "dependencies": {
        "bob-status": {
          "version": "0.0.0",
          "resolved": "https://registry.npmjs.org/bob-status/-/bob-status-0.0.0.tgz",
          "integrity": "sha512-cEdgHNUMf/jjJtbXPAvDirtBKjdZWalb+5IC4DkuyiVMoBaNT5Is/Sl2nnW5VXIo0Zq7PKz1JZhEVw744Q6viQ=="
        }
      }
    },
    "zlib-transform": {
      "version": "0.0.1",
      "resolved": "https://registry.npmjs.org/zlib-transform/-/zlib-transform-0.0.1.tgz",
      "integrity": "sha512-4xLG5ovvmsLe77zo593FGk3PBjwoSt+NQNsgSL60MZKR7wcpQJHngGQbaXHmKbu79dTuN+p7QqtoSb4N0i7i8w==",
      "requires": {
        "bob-status": "0.0.0"
      },
      "dependencies": {
        "bob-status": {
          "version": "0.0.0",
          "resolved": "https://registry.npmjs.org/bob-status/-/bob-status-0.0.0.tgz",
          "integrity": "sha512-cEdgHNUMf/jjJtbXPAvDirtBKjdZWalb+5IC4DkuyiVMoBaNT5Is/Sl2nnW5VXIo0Zq7PKz1JZhEVw744Q6viQ=="
        }
      }
    }
  }
}
